
Microsoft Visual Studio Solution File, Format Version 12.00
# Visual Studio 15
VisualStudioVersion = 15.0.27004.2008
MinimumVisualStudioVersion = 10.0.40219.1
Project("{888888A0-9F3D-457C-B088-3A5042F75D52}") = "Facebook_Parser", "Facebook_Parser\Facebook_Parser.pyproj", "{E2444073-FFAA-4BD1-B869-923CBB5CE0C0}"
EndProject
Global
	GlobalSection(SolutionConfigurationPlatforms) = preSolution
		Debug|Any CPU = Debug|Any CPU
		Release|Any CPU = Release|Any CPU
	EndGlobalSection
	GlobalSection(ProjectConfigurationPlatforms) = postSolution
		{E2444073-FFAA-4BD1-B869-923CBB5CE0C0}.Debug|Any CPU.ActiveCfg = Debug|Any CPU
		{E2444073-FFAA-4BD1-B869-923CBB5CE0C0}.Release|Any CPU.ActiveCfg = Release|Any CPU
	EndGlobalSection
	GlobalSection(SolutionProperties) = preSolution
		HideSolutionNode = FALSE
	EndGlobalSection
	GlobalSection(ExtensibilityGlobals) = postSolution
		SolutionGuid = {BE7B2D9F-C3B2-408F-A32C-28D59FC07045}
	EndGlobalSection
EndGlobal
